
Microsoft Visual Studio Solution File, Format Version 12.00
# Visual Studio Version 17
VisualStudioVersion = 17.12.35527.113 d17.12
MinimumVisualStudioVersion = 10.0.40219.1
Project("{FAE04EC0-301F-11D3-BF4B-00C04F79EFBC}") = "XamarinApiRest.Android", "XamarinApiRest.Android\XamarinApiRest.Android.csproj", "{B675831B-9CFA-460C-A99D-11A50783B978}"
EndProject
Project("{FAE04EC0-301F-11D3-BF4B-00C04F79EFBC}") = "XamarinApiRest.iOS", "XamarinApiRest.iOS\XamarinApiRest.iOS.csproj", "{9950CF9F-0B0C-4D61-BB72-EA34B3E654B4}"
EndProject
Project("{FAE04EC0-301F-11D3-BF4B-00C04F79EFBC}") = "XamarinApiRest", "XamarinApiRest\XamarinApiRest.csproj", "{69306F9E-DCB4-426A-AD6F-33FB6C36A698}"
EndProject
Global
	GlobalSection(SolutionConfigurationPlatforms) = preSolution
		Debug|Any CPU = Debug|Any CPU
		Release|Any CPU = Release|Any CPU
	EndGlobalSection
	GlobalSection(ProjectConfigurationPlatforms) = postSolution
		{B675831B-9CFA-460C-A99D-11A50783B978}.Debug|Any CPU.ActiveCfg = Debug|Any CPU
		{B675831B-9CFA-460C-A99D-11A50783B978}.Debug|Any CPU.Build.0 = Debug|Any CPU
		{B675831B-9CFA-460C-A99D-11A50783B978}.Debug|Any CPU.Deploy.0 = Debug|Any CPU
		{B675831B-9CFA-460C-A99D-11A50783B978}.Release|Any CPU.ActiveCfg = Release|Any CPU
		{B675831B-9CFA-460C-A99D-11A50783B978}.Release|Any CPU.Build.0 = Release|Any CPU
		{B675831B-9CFA-460C-A99D-11A50783B978}.Release|Any CPU.Deploy.0 = Release|Any CPU
		{9950CF9F-0B0C-4D61-BB72-EA34B3E654B4}.Debug|Any CPU.ActiveCfg = Debug|iPhone
		{9950CF9F-0B0C-4D61-BB72-EA34B3E654B4}.Debug|Any CPU.Build.0 = Debug|iPhone
		{9950CF9F-0B0C-4D61-BB72-EA34B3E654B4}.Debug|Any CPU.Deploy.0 = Debug|iPhone
		{9950CF9F-0B0C-4D61-BB72-EA34B3E654B4}.Release|Any CPU.ActiveCfg = Release|iPhoneSimulator
		{9950CF9F-0B0C-4D61-BB72-EA34B3E654B4}.Release|Any CPU.Build.0 = Release|iPhoneSimulator
		{9950CF9F-0B0C-4D61-BB72-EA34B3E654B4}.Release|Any CPU.Deploy.0 = Release|iPhoneSimulator
		{69306F9E-DCB4-426A-AD6F-33FB6C36A698}.Debug|Any CPU.ActiveCfg = Debug|Any CPU
		{69306F9E-DCB4-426A-AD6F-33FB6C36A698}.Debug|Any CPU.Build.0 = Debug|Any CPU
		{69306F9E-DCB4-426A-AD6F-33FB6C36A698}.Debug|Any CPU.Deploy.0 = Debug|Any CPU
		{69306F9E-DCB4-426A-AD6F-33FB6C36A698}.Release|Any CPU.ActiveCfg = Release|Any CPU
		{69306F9E-DCB4-426A-AD6F-33FB6C36A698}.Release|Any CPU.Build.0 = Release|Any CPU
		{69306F9E-DCB4-426A-AD6F-33FB6C36A698}.Release|Any CPU.Deploy.0 = Release|Any CPU
	EndGlobalSection
	GlobalSection(SolutionProperties) = preSolution
		HideSolutionNode = FALSE
	EndGlobalSection
EndGlobal
